
Microsoft Visual Studio Solution File, Format Version 12.00
# Visual Studio Version 17
VisualStudioVersion = 17.8.34316.72
MinimumVisualStudioVersion = 10.0.40219.1
Project("{FAE04EC0-301F-11D3-BF4B-00C04F79EFBC}") = "MVCCRUD", "MVCCRUD\MVCCRUD.csproj", "{8BA03F9D-6D49-487F-A30D-B953D9F5389E}"
EndProject
Global
	GlobalSection(SolutionConfigurationPlatforms) = preSolution
		Debug|Any CPU = Debug|Any CPU
		Release|Any CPU = Release|Any CPU
	EndGlobalSection
	GlobalSection(ProjectConfigurationPlatforms) = postSolution
		{8BA03F9D-6D49-487F-A30D-B953D9F5389E}.Debug|Any CPU.ActiveCfg = Debug|Any CPU
		{8BA03F9D-6D49-487F-A30D-B953D9F5389E}.Debug|Any CPU.Build.0 = Debug|Any CPU
		{8BA03F9D-6D49-487F-A30D-B953D9F5389E}.Release|Any CPU.ActiveCfg = Release|Any CPU
		{8BA03F9D-6D49-487F-A30D-B953D9F5389E}.Release|Any CPU.Build.0 = Release|Any CPU
	EndGlobalSection
	GlobalSection(SolutionProperties) = preSolution
		HideSolutionNode = FALSE
	EndGlobalSection
	GlobalSection(ExtensibilityGlobals) = postSolution
		SolutionGuid = {92D2804A-B5D0-4AE7-967A-0ABEA2D58D0B}
	EndGlobalSection
EndGlobal
